{
  "name": "functions",
  "version": "1.0.0",
  "lockfileVersion": 3,
  "requires": true,
  "packages": {
    "": {
      "name": "functions",
      "version": "1.0.0",
      "license": "ISC",
      "dependencies": {
        "hono": "^4.11.7"
      }
    },
    "node_modules/hono": {
      "version": "4.11.7",
      "resolved": "https://registry.npmjs.org/hono/-/hono-4.11.7.tgz",
      "integrity": "sha512-l7qMiNee7t82bH3SeyUCt9UF15EVmaBvsppY2zQtrbIhl/yzBTny+YUxsVjSjQ6gaqaeVtZmGocom8TzBlA4Yw==",
      "license": "MIT",
      "engines": {
        "node": ">=16.9.0"
      }
    }
  }
}
